
Microsoft Visual Studio Solution File, Format Version 12.00
# Visual Studio Version 17
VisualStudioVersion = 17.3.32819.101
MinimumVisualStudioVersion = 10.0.40219.1
Project("{FAE04EC0-301F-11D3-BF4B-00C04F79EFBC}") = "WeatherUI.Server", "WeatherUI\Server\WeatherUI.Server.csproj", "{C0F3890D-4270-47DF-9C4C-C95793010069}"
EndProject
Project("{FAE04EC0-301F-11D3-BF4B-00C04F79EFBC}") = "WeatherUI.Client", "WeatherUI\Client\WeatherUI.Client.csproj", "{CC8AF836-88C5-432D-9D43-9494D56E34E0}"
EndProject
Project("{FAE04EC0-301F-11D3-BF4B-00C04F79EFBC}") = "WeatherUI.Shared", "WeatherUI\Shared\WeatherUI.Shared.csproj", "{259F9EC2-FE09-460C-98E2-4EF80A59CD71}"
EndProject
Global
	GlobalSection(SolutionConfigurationPlatforms) = preSolution
		Debug|Any CPU = Debug|Any CPU
		Release|Any CPU = Release|Any CPU
	EndGlobalSection
	GlobalSection(ProjectConfigurationPlatforms) = postSolution
		{C0F3890D-4270-47DF-9C4C-C95793010069}.Debug|Any CPU.ActiveCfg = Debug|Any CPU
		{C0F3890D-4270-47DF-9C4C-C95793010069}.Debug|Any CPU.Build.0 = Debug|Any CPU
		{C0F3890D-4270-47DF-9C4C-C95793010069}.Release|Any CPU.ActiveCfg = Release|Any CPU
		{C0F3890D-4270-47DF-9C4C-C95793010069}.Release|Any CPU.Build.0 = Release|Any CPU
		{CC8AF836-88C5-432D-9D43-9494D56E34E0}.Debug|Any CPU.ActiveCfg = Debug|Any CPU
		{CC8AF836-88C5-432D-9D43-9494D56E34E0}.Debug|Any CPU.Build.0 = Debug|Any CPU
		{CC8AF836-88C5-432D-9D43-9494D56E34E0}.Release|Any CPU.ActiveCfg = Release|Any CPU
		{CC8AF836-88C5-432D-9D43-9494D56E34E0}.Release|Any CPU.Build.0 = Release|Any CPU
		{259F9EC2-FE09-460C-98E2-4EF80A59CD71}.Debug|Any CPU.ActiveCfg = Debug|Any CPU
		{259F9EC2-FE09-460C-98E2-4EF80A59CD71}.Debug|Any CPU.Build.0 = Debug|Any CPU
		{259F9EC2-FE09-460C-98E2-4EF80A59CD71}.Release|Any CPU.ActiveCfg = Release|Any CPU
		{259F9EC2-FE09-460C-98E2-4EF80A59CD71}.Release|Any CPU.Build.0 = Release|Any CPU
	EndGlobalSection
	GlobalSection(SolutionProperties) = preSolution
		HideSolutionNode = FALSE
	EndGlobalSection
	GlobalSection(ExtensibilityGlobals) = postSolution
		SolutionGuid = {BBDF9390-3C5E-4E8A-88DC-5211A898AA46}
	EndGlobalSection
EndGlobal
